{
  "lockfileVersion": 1,
  "configVersion": 1,
  "workspaces": {
    "": {
      "name": "ysoftman-supabase",
      "dependencies": {
        "@dicebear/collection": "^9.4.2",
        "@dicebear/core": "^9.4.2",
        "@fontsource/press-start-2p": "^5.3.0",
        "@phosphor-icons/web": "^2.1.2",
        "@supabase/supabase-js": "^2.112.4",
        "galmuri": "^2.40.3",
        "nes.css": "^2.3.0",
        "sass": "^1.103.1",
      },
      "devDependencies": {
        "@biomejs/biome": "^2.5.10",
        "vite": "^8.2.2",
      },
    },
  },
  "packages": {
    "@biomejs/biome": ["@biomejs/biome@2.5.10", "", { "optionalDependencies": { "@biomejs/cli-darwin-arm64": "2.5.10", "@biomejs/cli-darwin-x64": "2.5.10", "@biomejs/cli-linux-arm64": "2.5.10", "@biomejs/cli-linux-arm64-musl": "2.5.10", "@biomejs/cli-linux-x64": "2.5.10", "@biomejs/cli-linux-x64-musl": "2.5.10", "@biomejs/cli-win32-arm64": "2.5.10", "@biomejs/cli-win32-x64": "2.5.10" }, "bin": { "biome": "bin/biome" } }, "sha512-WRKXARA3kTuiV5sxqTpobJ/I0MVd4vk3pOL6wnp5az4LntFIhWTj1RWZq3DI9PCEN3lXcqy7p5aqUHzvq8AXyQ=="],

    "@biomejs/cli-darwin-arm64": ["@biomejs/cli-darwin-arm64@2.5.10", "", { "os": "darwin", "cpu": "arm64" }, "sha512-ItCrxKK6SXVT6flYs0qIuBd4AA3TTTl4d66Re6YI2FuGZnN85NmuYNzkiTJUyYw8qBLv69L5zTUB6uyWd++h3Q=="],

    "@biomejs/cli-darwin-x64": ["@biomejs/cli-darwin-x64@2.5.10", "", { "os": "darwin", "cpu": "x64" }, "sha512-yLsPU9pAmtChXDu8vhKAzErqe+LeeYuwuUB2FZMkRitsmdodxsYRa9KHrFispsUHzzOu+9HB3nP/TQxyia+Sjw=="],

    "@biomejs/cli-linux-arm64": ["@biomejs/cli-linux-arm64@2.5.10", "", { "os": "linux", "cpu": "arm64" }, "sha512-VG8uQW/86a1roLaIFvtIbEigxIdzdJ190oGyg1tV7VYeQtOS+x10sflk7WbuXgw91EtZX5DlIIIej1YqkNLlcg=="],

    "@biomejs/cli-linux-arm64-musl": ["@biomejs/cli-linux-arm64-musl@2.5.10", "", { "os": "linux", "cpu": "arm64" }, "sha512-t1QAKZwQJRB4dvgJSgFiQ4BNfNPChg69BNonz854qLVxnjT3UvDzQg9mbkTJRu35ZqU0Rw10A73J8Urgbg2RPw=="],

    "@biomejs/cli-linux-x64": ["@biomejs/cli-linux-x64@2.5.10", "", { "os": "linux", "cpu": "x64" }, "sha512-4O6T0eq2heoHZN0a9UX+rWQoxXEBaKf+lRi2hbsGlHneUz9BWXM76nEWMK7Eeq8gzMxR1khQB6BFpAASpeXqGg=="],

    "@biomejs/cli-linux-x64-musl": ["@biomejs/cli-linux-x64-musl@2.5.10", "", { "os": "linux", "cpu": "x64" }, "sha512-pgDDqp9JybHm2I0KRgzN6i4+lt8xu4iqxUwLzglUMmOmyRTU1AYBGKzh9sNMOtIjah7xoWvKHlLVetvyifzoiQ=="],

    "@biomejs/cli-win32-arm64": ["@biomejs/cli-win32-arm64@2.5.10", "", { "os": "win32", "cpu": "arm64" }, "sha512-pxAbxduPO4xq/Cvgaa2lOrs9BB0hEXmmDqfMNP4ZOffGOkUrD1/QGw9UAMpFQpX2P8MqTIIRuQKcmetum4Oa6A=="],

    "@biomejs/cli-win32-x64": ["@biomejs/cli-win32-x64@2.5.10", "", { "os": "win32", "cpu": "x64" }, "sha512-M+2dgBsl3lXRiTfgPVc2p3anS4Tocojke4rzFLScZ2Y/wmF+36dRb1iHCLiyGqOzQGyTplZH1HnEYviiAqi3nA=="],

    "@dicebear/adventurer": ["@dicebear/adventurer@9.4.2", "", { "peerDependencies": { "@dicebear/core": "^9.0.0" } }, "sha512-jqYp834ZmGDA9HBBDQAdgF1O2UTCwHF4vVrktXWa2Dppp1JczPL5HnVOWsjtrLmXNn61Wd6OLmBb2e6rhzp3ig=="],

    "@dicebear/adventurer-neutral": ["@dicebear/adventurer-neutral@9.4.2", "", { "peerDependencies": { "@dicebear/core": "^9.0.0" } }, "sha512-5xgkG/mNL4j3Q4SJGQLBU/KnU90tng8Ze5ofThD+55wi0oeY/nSAUowg6UFCmHrktjifj/MEx3CQqbpcPWtfIA=="],

    "@dicebear/avataaars": ["@dicebear/avataaars@9.4.2", "", { "peerDependencies": { "@dicebear/core": "^9.0.0" } }, "sha512-3x9jKFkOkFSPmpTbt9xvhiU2E1GX7beCSsX0tXRUShj8x6+5Ks9yBRT1VlkySbnXrZ/GglADGg7vJ/D2uIx1Yw=="],

    "@dicebear/avataaars-neutral": ["@dicebear/avataaars-neutral@9.4.2", "", { "peerDependencies": { "@dicebear/core": "^9.0.0" } }, "sha512-/eNrp0YCNJRwQXqOloLm1+3Ss2C+pMpUQIGkbEnGsP1UK+13Ge80ggDDof1HpdqvG9HAZcKa7hnbG/0HSwyDSw=="],

    "@dicebear/big-ears": ["@dicebear/big-ears@9.4.2", "", { "peerDependencies": { "@dicebear/core": "^9.0.0" } }, "sha512-mNfz3ppNA7UBq0IO3nXCiV5pFPG7c1DfzRB0foNU2Wo1XXT8FIcSY2BvDlYqorZTOUOz7dHb0vx06hqvG0HP5w=="],

    "@dicebear/big-ears-neutral": ["@dicebear/big-ears-neutral@9.4.2", "", { "peerDependencies": { "@dicebear/core": "^9.0.0" } }, "sha512-M8Ozmzza4eY4hpLOYULgJxMYmBA0CsBnrE15/xw6LZkEREXnrX5z0NJsf8hUfdyF6BWZ+RBgzoiav32DAC5zcg=="],

    "@dicebear/big-smile": ["@dicebear/big-smile@9.4.2", "", { "peerDependencies": { "@dicebear/core": "^9.0.0" } }, "sha512-hmT5i7rcPPhStjZyg28pbIhdTnnMBzK3RObI0vKCpY30EFrzaPkkdDL6Ck5fAFBdvDIW1EpOJkenyR0XPmhgbQ=="],

    "@dicebear/bottts": ["@dicebear/bottts@9.4.2", "", { "peerDependencies": { "@dicebear/core": "^9.0.0" } }, "sha512-tsx+dII7EFUCVA8URj66G1GqORCCVduCAx4dY2prEY2IeFianVpkntXuFsWZ9BBGx1NZFndvDith5oTwKMQPbQ=="],

    "@dicebear/bottts-neutral": ["@dicebear/bottts-neutral@9.4.2", "", { "peerDependencies": { "@dicebear/core": "^9.0.0" } }, "sha512-kFNwWt6j+gzZ5n5Pz7WVwePubREAQOF8ZwWA9ztwVYDVMLnOChWbAofy5FED4j5md2MXFH2EgLCFCMr5K2BmIA=="],

    "@dicebear/collection": ["@dicebear/collection@9.4.2", "", { "dependencies": { "@dicebear/adventurer": "9.4.2", "@dicebear/adventurer-neutral": "9.4.2", "@dicebear/avataaars": "9.4.2", "@dicebear/avataaars-neutral": "9.4.2", "@dicebear/big-ears": "9.4.2", "@dicebear/big-ears-neutral": "9.4.2", "@dicebear/big-smile": "9.4.2", "@dicebear/bottts": "9.4.2", "@dicebear/bottts-neutral": "9.4.2", "@dicebear/croodles": "9.4.2", "@dicebear/croodles-neutral": "9.4.2", "@dicebear/dylan": "9.4.2", "@dicebear/fun-emoji": "9.4.2", "@dicebear/glass": "9.4.2", "@dicebear/icons": "9.4.2", "@dicebear/identicon": "9.4.2", "@dicebear/initials": "9.4.2", "@dicebear/lorelei": "9.4.2", "@dicebear/lorelei-neutral": "9.4.2", "@dicebear/micah": "9.4.2", "@dicebear/miniavs": "9.4.2", "@dicebear/notionists": "9.4.2", "@dicebear/notionists-neutral": "9.4.2", "@dicebear/open-peeps": "9.4.2", "@dicebear/personas": "9.4.2", "@dicebear/pixel-art": "9.4.2", "@dicebear/pixel-art-neutral": "9.4.2", "@dicebear/rings": "9.4.2", "@dicebear/shapes": "9.4.2", "@dicebear/thumbs": "9.4.2", "@dicebear/toon-head": "9.4.2" }, "peerDependencies": { "@dicebear/core": "^9.0.0" } }, "sha512-KArubv7if8H7j9sIfpDK2hJJqrdNVR5zMPAMOSpIU2JPyXx8TC9o5wsmXb8il5wOHgaS9Q/cla7jUNIiDD7Gsg=="],

    "@dicebear/core": ["@dicebear/core@9.4.3", "", { "dependencies": { "@types/json-schema": "^7.0.15" } }, "sha512-9ITrQI57k3p5hKuU8HZJ1d0kPdrmTKEJDOdlKQ8CpaChbtmnD1R+dtWmNz5IesYThXM8F64pJ0ZvJ2rsY8Hciw=="],

    "@dicebear/croodles": ["@dicebear/croodles@9.4.2", "", { "peerDependencies": { "@dicebear/core": "^9.0.0" } }, "sha512-6VoO0JviIf7dKKMBTL/SMXxWhnXHaZuzufX90G0nXxS77ELG1YkGNMaZzawizN4C09Gbya2gJkozqrWiJN/aGw=="],

    "@dicebear/croodles-neutral": ["@dicebear/croodles-neutral@9.4.2", "", { "peerDependencies": { "@dicebear/core": "^9.0.0" } }, "sha512-oG5IeUdtiYshQ89gkAVcl5w3xAEi5UZX2fTzIyelpBPCG176l7VuuFzlxi2umnB3E6LVHYy06DXvUo/p+rXB2Q=="],

    "@dicebear/dylan": ["@dicebear/dylan@9.4.2", "", { "peerDependencies": { "@dicebear/core": "^9.0.0" } }, "sha512-1vQvRu9x9DrwFxhFaIU2rf0EUL04yDTbAt7fHyAjM0mEsKzTD4mRNf95tCRuavCoW6W48u7A/OY6jyIub6kxLQ=="],

    "@dicebear/fun-emoji": ["@dicebear/fun-emoji@9.4.2", "", { "peerDependencies": { "@dicebear/core": "^9.0.0" } }, "sha512-kqB6LPkdYCdEU/mwbyz34xLzoNUKL6ARcoo3fr5ASq9D6ZE07qIKybC3xv5+CPz7VmspJ1Q3c/VVWVMDRP7Twg=="],

    "@dicebear/glass": ["@dicebear/glass@9.4.2", "", { "peerDependencies": { "@dicebear/core": "^9.0.0" } }, "sha512-z5qUogHQ1b6UJ2zCqT848mU2U9DKbVDhiX6GPDjD7tYLisCCJVisH9p6WyNdHvflUd4SHkA6gRqVJIh2v2HnTA=="],

    "@dicebear/icons": ["@dicebear/icons@9.4.2", "", { "peerDependencies": { "@dicebear/core": "^9.0.0" } }, "sha512-QSMMz0NA03ypSGhXC8HQX8FSj8lYT+/5yqH+/N03OH2IjL0q7wwGZ7nqsrtlRp76O5WqMTwGfSbTUUYPjFr+Xw=="],

    "@dicebear/identicon": ["@dicebear/identicon@9.4.2", "", { "peerDependencies": { "@dicebear/core": "^9.0.0" } }, "sha512-JVDSmZsv11mSWqwAktK5x9Bslht2xY3TFUn8xzu6slAYe1Z7hEXZ76eb+UJ6F4qEzdwZ7xPWzAS6Nb0Y3A0pww=="],

    "@dicebear/initials": ["@dicebear/initials@9.4.2", "", { "peerDependencies": { "@dicebear/core": "^9.0.0" } }, "sha512-yePuIUasmwtl9IrtB6rEzE/zb5fImKP/neW0CdcTC2MwLgMuP1GLHEGRgg1zI8exIh+PMv1YdLGyyUuRTE2Qpw=="],

    "@dicebear/lorelei": ["@dicebear/lorelei@9.4.2", "", { "peerDependencies": { "@dicebear/core": "^9.0.0" } }, "sha512-YMv6vnriW6VLFDsreKuOnUFFno6SRe7+7X7R7zPY0rZ+MaHX9V3jcioIG+1PSjIHEDfOLUHpr5vd1JBWv8y7UA=="],

    "@dicebear/lorelei-neutral": ["@dicebear/lorelei-neutral@9.4.2", "", { "peerDependencies": { "@dicebear/core": "^9.0.0" } }, "sha512-yspanTthA5vh6iCdeLzn6xZ4yYMYRcfcxblcgSvHTF1ut0bjAXtw5SXzZ6aJTrJWiHkzYOQuTOR6GVYiW80Q7w=="],

    "@dicebear/micah": ["@dicebear/micah@9.4.2", "", { "peerDependencies": { "@dicebear/core": "^9.0.0" } }, "sha512-e4D3W/OlChSsLo7Llwsy0J18vk0azJqF/uFoY+EKACCNHBc1HGNsqVvu2CTf+OWOA8wTyAK6UkjBN5p01r7D+g=="],

    "@dicebear/miniavs": ["@dicebear/miniavs@9.4.2", "", { "peerDependencies": { "@dicebear/core": "^9.0.0" } }, "sha512-wLwyFNNUnDRd3BbhSBhXR0XEpX8sG0/xDA5M/OkDoapLqZnnI48YLUSDd2N5QTAVMmcSEuZOYxkcnj7WW79vlg=="],

    "@dicebear/notionists": ["@dicebear/notionists@9.4.2", "", { "peerDependencies": { "@dicebear/core": "^9.0.0" } }, "sha512-ZCySq+nxcD/x4xyYgytcj2N9uY3gxrL+qpnmOdp2BdA221KacVrxlsUPpIgEMqxS2rMmBQXfxg129Pzn4ycIpA=="],

    "@dicebear/notionists-neutral": ["@dicebear/notionists-neutral@9.4.2", "", { "peerDependencies": { "@dicebear/core": "^9.0.0" } }, "sha512-AyD9kEfVxQUwDGf4Op059gVmYIOAkTKg3dtE9h9mEKP7zl/kMy5B67BFFOo7sB0mXCjzAegZ6ekGU02E8+hIHw=="],

    "@dicebear/open-peeps": ["@dicebear/open-peeps@9.4.2", "", { "peerDependencies": { "@dicebear/core": "^9.0.0" } }, "sha512-i01tLgtp2g937T81sVeAOVlqsCtiTck/Kw20g7hN80+7xrXjOUepz2HPLy3HeiMjwjMGRy5o54kSd0/8Ht4Dqg=="],

    "@dicebear/personas": ["@dicebear/personas@9.4.2", "", { "peerDependencies": { "@dicebear/core": "^9.0.0" } }, "sha512-NJlkvI5F5gugt6t2+7QrYNTwQC7+4IQZS3vG0dYk2BncxOHax0BuLovdSdiAesTL4ZkytFYIydWmKmV2/xcUwg=="],

    "@dicebear/pixel-art": ["@dicebear/pixel-art@9.4.2", "", { "peerDependencies": { "@dicebear/core": "^9.0.0" } }, "sha512-peHf7oKICDgBZ8dUyj+txPnS7VZEWgvKE+xW4mNQqBt6dYZIjmva2shOVHn0b1JU+FDxMx3uIkWVixKdUq4WGg=="],

    "@dicebear/pixel-art-neutral": ["@dicebear/pixel-art-neutral@9.4.2", "", { "peerDependencies": { "@dicebear/core": "^9.0.0" } }, "sha512-9e9Lz554uQvWaXV2P17ss+hPa6rTyuAKBtB8zk8ECjHiZzIl61N/KcTVLZ4dILVZwj7gYriaLo16QEqvL2GJCg=="],

    "@dicebear/rings": ["@dicebear/rings@9.4.2", "", { "peerDependencies": { "@dicebear/core": "^9.0.0" } }, "sha512-Pc3ymWrRDQPJFNrbbLt7RJrzGvUuuxUiDkrfLhoVE+B6mZWEL1PC78DPbS1yUWYLErJOpJuM2GSwXmTbVjWf+g=="],

    "@dicebear/shapes": ["@dicebear/shapes@9.4.2", "", { "peerDependencies": { "@dicebear/core": "^9.0.0" } }, "sha512-AFL6jAaiLztvcqyq+ds+lWZu6Vbp3PlGWhJeJRm842jxtiluJpl6r4f6nUXP2fdMz7MNpDzXfLooQK9E04NbUQ=="],

    "@dicebear/thumbs": ["@dicebear/thumbs@9.4.2", "", { "peerDependencies": { "@dicebear/core": "^9.0.0" } }, "sha512-ccWvDBqbkWS5uzHbsg5L6uML6vBfX7jT3J3jHCQksvz8haHItxTK02w+6e1UavZUsvza4lG5X/XY3eji3siJ4Q=="],

    "@dicebear/toon-head": ["@dicebear/toon-head@9.4.2", "", { "peerDependencies": { "@dicebear/core": "^9.0.0" } }, "sha512-lwFeSXyAnaKnCfMt9TiJwnD1cXQUGkey/0h6i/+4TVHVMCz5/Ri5u1ynovPNHy1SnBf858QwoXHkxilGLwQX/g=="],

    "@fontsource/press-start-2p": ["@fontsource/press-start-2p@5.3.0", "", {}, "sha512-gxWFxdeDglPhEYSwEeooomcaFK8kSQYLQwVxfnOJeYRj2sPEHXjpVtFgEaYfqzOjuAJGrIcJOipu2KY5YkbyuQ=="],

    "@oxc-project/types": ["@oxc-project/types@0.147.0", "", {}, "sha512-IJ3s6ltHLp45S0bh7phkX+gJO7A1Wuz2EaqpAhb8WjqDwbzMiWKHhyyT42tskaWjEYXtHtVCPpnBJVT9+dcRLg=="],

    "@parcel/watcher": ["@parcel/watcher@2.5.6", "", { "dependencies": { "detect-libc": "^2.0.3", "is-glob": "^4.0.3", "node-addon-api": "^7.0.0", "picomatch": "^4.0.3" }, "optionalDependencies": { "@parcel/watcher-android-arm64": "2.5.6", "@parcel/watcher-darwin-arm64": "2.5.6", "@parcel/watcher-darwin-x64": "2.5.6", "@parcel/watcher-freebsd-x64": "2.5.6", "@parcel/watcher-linux-arm-glibc": "2.5.6", "@parcel/watcher-linux-arm-musl": "2.5.6", "@parcel/watcher-linux-arm64-glibc": "2.5.6", "@parcel/watcher-linux-arm64-musl": "2.5.6", "@parcel/watcher-linux-x64-glibc": "2.5.6", "@parcel/watcher-linux-x64-musl": "2.5.6", "@parcel/watcher-win32-arm64": "2.5.6", "@parcel/watcher-win32-ia32": "2.5.6", "@parcel/watcher-win32-x64": "2.5.6" } }, "sha512-tmmZ3lQxAe/k/+rNnXQRawJ4NjxO2hqiOLTHvWchtGZULp4RyFeh6aU4XdOYBFe2KE1oShQTv4AblOs2iOrNnQ=="],

    "@parcel/watcher-android-arm64": ["@parcel/watcher-android-arm64@2.5.6", "", { "os": "android", "cpu": "arm64" }, "sha512-YQxSS34tPF/6ZG7r/Ih9xy+kP/WwediEUsqmtf0cuCV5TPPKw/PQHRhueUo6JdeFJaqV3pyjm0GdYjZotbRt/A=="],

    "@parcel/watcher-darwin-arm64": ["@parcel/watcher-darwin-arm64@2.5.6", "", { "os": "darwin", "cpu": "arm64" }, "sha512-Z2ZdrnwyXvvvdtRHLmM4knydIdU9adO3D4n/0cVipF3rRiwP+3/sfzpAwA/qKFL6i1ModaabkU7IbpeMBgiVEA=="],

    "@parcel/watcher-darwin-x64": ["@parcel/watcher-darwin-x64@2.5.6", "", { "os": "darwin", "cpu": "x64" }, "sha512-HgvOf3W9dhithcwOWX9uDZyn1lW9R+7tPZ4sug+NGrGIo4Rk1hAXLEbcH1TQSqxts0NYXXlOWqVpvS1SFS4fRg=="],

    "@parcel/watcher-freebsd-x64": ["@parcel/watcher-freebsd-x64@2.5.6", "", { "os": "freebsd", "cpu": "x64" }, "sha512-vJVi8yd/qzJxEKHkeemh7w3YAn6RJCtYlE4HPMoVnCpIXEzSrxErBW5SJBgKLbXU3WdIpkjBTeUNtyBVn8TRng=="],

    "@parcel/watcher-linux-arm-glibc": ["@parcel/watcher-linux-arm-glibc@2.5.6", "", { "os": "linux", "cpu": "arm" }, "sha512-9JiYfB6h6BgV50CCfasfLf/uvOcJskMSwcdH1PHH9rvS1IrNy8zad6IUVPVUfmXr+u+Km9IxcfMLzgdOudz9EQ=="],

    "@parcel/watcher-linux-arm-musl": ["@parcel/watcher-linux-arm-musl@2.5.6", "", { "os": "linux", "cpu": "arm" }, "sha512-Ve3gUCG57nuUUSyjBq/MAM0CzArtuIOxsBdQ+ftz6ho8n7s1i9E1Nmk/xmP323r2YL0SONs1EuwqBp2u1k5fxg=="],

    "@parcel/watcher-linux-arm64-glibc": ["@parcel/watcher-linux-arm64-glibc@2.5.6", "", { "os": "linux", "cpu": "arm64" }, "sha512-f2g/DT3NhGPdBmMWYoxixqYr3v/UXcmLOYy16Bx0TM20Tchduwr4EaCbmxh1321TABqPGDpS8D/ggOTaljijOA=="],

    "@parcel/watcher-linux-arm64-musl": ["@parcel/watcher-linux-arm64-musl@2.5.6", "", { "os": "linux", "cpu": "arm64" }, "sha512-qb6naMDGlbCwdhLj6hgoVKJl2odL34z2sqkC7Z6kzir8b5W65WYDpLB6R06KabvZdgoHI/zxke4b3zR0wAbDTA=="],

    "@parcel/watcher-linux-x64-glibc": ["@parcel/watcher-linux-x64-glibc@2.5.6", "", { "os": "linux", "cpu": "x64" }, "sha512-kbT5wvNQlx7NaGjzPFu8nVIW1rWqV780O7ZtkjuWaPUgpv2NMFpjYERVi0UYj1msZNyCzGlaCWEtzc+exjMGbQ=="],

    "@parcel/watcher-linux-x64-musl": ["@parcel/watcher-linux-x64-musl@2.5.6", "", { "os": "linux", "cpu": "x64" }, "sha512-1JRFeC+h7RdXwldHzTsmdtYR/Ku8SylLgTU/reMuqdVD7CtLwf0VR1FqeprZ0eHQkO0vqsbvFLXUmYm/uNKJBg=="],

    "@parcel/watcher-win32-arm64": ["@parcel/watcher-win32-arm64@2.5.6", "", { "os": "win32", "cpu": "arm64" }, "sha512-3ukyebjc6eGlw9yRt678DxVF7rjXatWiHvTXqphZLvo7aC5NdEgFufVwjFfY51ijYEWpXbqF5jtrK275z52D4Q=="],

    "@parcel/watcher-win32-ia32": ["@parcel/watcher-win32-ia32@2.5.6", "", { "os": "win32", "cpu": "ia32" }, "sha512-k35yLp1ZMwwee3Ez/pxBi5cf4AoBKYXj00CZ80jUz5h8prpiaQsiRPKQMxoLstNuqe2vR4RNPEAEcjEFzhEz/g=="],

    "@parcel/watcher-win32-x64": ["@parcel/watcher-win32-x64@2.5.6", "", { "os": "win32", "cpu": "x64" }, "sha512-hbQlYcCq5dlAX9Qx+kFb0FHue6vbjlf0FrNzSKdYK2APUf7tGfGxQCk2ihEREmbR6ZMc0MVAD5RIX/41gpUzTw=="],

    "@phosphor-icons/web": ["@phosphor-icons/web@2.1.2", "", {}, "sha512-rPAR9o/bEcp4Cw4DEeZHXf+nlGCMNGkNDRizYHM47NLxz9vvEHp/Tt6FMK1NcWadzw/pFDPnRBGi/ofRya958A=="],

    "@rolldown/binding-android-arm-eabi": ["@rolldown/binding-android-arm-eabi@1.2.6", "", { "os": "android", "cpu": "arm" }, "sha512-b+jTcARdTiFLI6jB4a5XjTm0RWd6KcRfQj/I2356fxUZemiho9zQLxo0RtCuMDAyKcLo6cEltkgbQp6d1+sjjQ=="],

    "@rolldown/binding-android-arm64": ["@rolldown/binding-android-arm64@1.2.6", "", { "os": "android", "cpu": "arm64" }, "sha512-lkWU8ZJaRk9q3CIEY1Tc7vIFALp3Xw5NfGJo2hQg5oIqNgxWi1zI+IiDEK3r70BF5Dzol1tcXsnzsRc8NLhG+Q=="],

    "@rolldown/binding-darwin-arm64": ["@rolldown/binding-darwin-arm64@1.2.6", "", { "os": "darwin", "cpu": "arm64" }, "sha512-dgR56NYnvAszm7Ob1B2/Vn0e8bUQYZH2UjVaMMtMVOCKFSfjhfLmuA/9+O+F+ajUdG6B/bSssrKW6JJYASa8jA=="],

    "@rolldown/binding-darwin-x64": ["@rolldown/binding-darwin-x64@1.2.6", "", { "os": "darwin", "cpu": "x64" }, "sha512-vpVxFvUCFioJqug7OTvqptkc4yb8UX0AwfDmJpaR/0sWz+BUmqSVAf7c8JkUgnN8YLspb4a/N6NhTyMAmdyQ7Q=="],

    "@rolldown/binding-freebsd-x64": ["@rolldown/binding-freebsd-x64@1.2.6", "", { "os": "freebsd", "cpu": "x64" }, "sha512-h1wG6Y6K3JlRswxsI64qQJqBAy4vrLuHgRbc8CZMGSWTOFRY6ghMApM1NKzB2I0n5xV1fjkE18SuVl2QpLeNpA=="],

    "@rolldown/binding-linux-arm-gnueabihf": ["@rolldown/binding-linux-arm-gnueabihf@1.2.6", "", { "os": "linux", "cpu": "arm" }, "sha512-tbCiqub0q2MVWJKgF5PoAlNWCtQydiOYSLIkd8sByqK/6MMYLJRcSXSYodqYtd0O+Fw7QaVmKKlS4oL94YRZ0w=="],

    "@rolldown/binding-linux-arm64-gnu": ["@rolldown/binding-linux-arm64-gnu@1.2.6", "", { "os": "linux", "cpu": "arm64" }, "sha512-oxK9+baEBPhZG5HB4URY+uU04zJWeZlH6Tb9rB5DK4DF9XR1uXNLXt5Q5ZsugTKayNCNLhkcwz/ye74hRI98dg=="],

    "@rolldown/binding-linux-arm64-musl": ["@rolldown/binding-linux-arm64-musl@1.2.6", "", { "os": "linux", "cpu": "arm64" }, "sha512-muWCk27FVBEZtv0MsK8gnfSmgczA8KQ0uRVJbTABKhkRfQc38aUrcb7fhi3BNiyseFmgcRsoMfQsSNJ+DbZdSw=="],

    "@rolldown/binding-linux-ppc64-gnu": ["@rolldown/binding-linux-ppc64-gnu@1.2.6", "", { "os": "linux", "cpu": "ppc64" }, "sha512-eWDoSfU7Co2qj3vgB3Dt4lj1mG6CoWbcJQkRMP3XJplyCMtuaq3LHvPFjS9QIPvMGWVadJC04Xiy0IdcVPtnwQ=="],

    "@rolldown/binding-linux-s390x-gnu": ["@rolldown/binding-linux-s390x-gnu@1.2.6", "", { "os": "linux", "cpu": "s390x" }, "sha512-2bWNjRSIayvupRKxXUY2tWG9fYdoUlTqWywHRvE8Eq3GvuQ+f2HeIkve697fIt+IQs/PV8yFsdWuhp1aJ1PdnA=="],

    "@rolldown/binding-linux-x64-gnu": ["@rolldown/binding-linux-x64-gnu@1.2.6", "", { "os": "linux", "cpu": "x64" }, "sha512-KekI0gS0wLxe1UBSQSjenBVwou/JkcQPDzBPICGZjxUv9k3RteHDPBQaiOicZUFKRIH2wKEimGwVpnJsbPzu7w=="],

    "@rolldown/binding-linux-x64-musl": ["@rolldown/binding-linux-x64-musl@1.2.6", "", { "os": "linux", "cpu": "x64" }, "sha512-TvtPnfVr+HtyGiDmPK4VWmlNm7QhNNAcK5Q9A7aOXsI8545yCyaoMaicXrFZ72JzeYjaUVk7yT243zT0jzjFKQ=="],

    "@rolldown/binding-openharmony-arm64": ["@rolldown/binding-openharmony-arm64@1.2.6", "", { "os": "none", "cpu": "arm64" }, "sha512-iOo0VEay2XFhaCcH0sps5XIimkSuOnNaZrf6+ZkoSOQBJPKNU48RkmJv0/lSpipexu5P+ouFgafe5IGr/DiQfg=="],

    "@rolldown/binding-win32-arm64-msvc": ["@rolldown/binding-win32-arm64-msvc@1.2.6", "", { "os": "win32", "cpu": "arm64" }, "sha512-y5NTmmasMS455JlOCO4ZM9krIchv3Mvm1crL1iUPGOPgEzSkves9n0SdC5Sjz6+qWDFhd8/JpfWMH8NSWNHe+A=="],

    "@rolldown/binding-win32-x64-msvc": ["@rolldown/binding-win32-x64-msvc@1.2.6", "", { "os": "win32", "cpu": "x64" }, "sha512-np8iZSLfXlAD4kWhiyq/u0Yt8oZDtRQ8lGhQaCXo2rl37KNjeU0GjJuwr4P3oeZ++ROfofsKNBqR5LTO8aXyWQ=="],

    "@rolldown/pluginutils": ["@rolldown/pluginutils@1.0.1", "", {}, "sha512-2j9bGt5Jh8hj+vPtgzPtl72j0yRxHAyumoo6TNfAjsLB04UtpSvPbPcDcBMxz7n+9CYB0c1GxQFxYRg2jimqGw=="],

    "@supabase/auth-js": ["@supabase/auth-js@2.112.4", "", { "dependencies": { "tslib": "2.8.1" } }, "sha512-z8DesgwLzKM5PiT0yNmJU8VJyh1zAhYi+20Z7drdJQLXg/wWW4yGt/un+He5ERYUo94Vz66t5aeyr1DIDemI5A=="],

    "@supabase/functions-js": ["@supabase/functions-js@2.112.4", "", { "dependencies": { "tslib": "2.8.1" } }, "sha512-DQ0aVH8wSQAccVqNoEkec62qCu2QRNyoGN53RqsVZ1k6F1zq4/v8scrlR6LNT2RJmT97apiTmORijPVhErCS2g=="],

    "@supabase/phoenix": ["@supabase/phoenix@0.4.5", "", {}, "sha512-aAn9H9ovVyeApKy11OWOrrOGq8DV68yWeH4ud2lN9fzn4aO8Zb5GLL9m1pUg9nLqIcT+ZDfAcsZe0E/nqdv2lw=="],

    "@supabase/postgrest-js": ["@supabase/postgrest-js@2.112.4", "", { "dependencies": { "tslib": "2.8.1" } }, "sha512-uaubtPSeg2TR4wrtfQoQWgkTAe+a0qWX2KhmwvTfNl5mGN9+U7owiJt6abk3o/V6O899PSRD1yzxs5RlF4xTug=="],

    "@supabase/realtime-js": ["@supabase/realtime-js@2.112.4", "", { "dependencies": { "@supabase/phoenix": "0.4.5", "tslib": "2.8.1" } }, "sha512-vZ+j079SKrM0Xiq7MJCvQKLDpaH2kfKfLY68xuQE1sqsCsMmx1CyrDBJHsxZ3cX01VOs5SI9igmoZAF3BmdZxw=="],

    "@supabase/storage-js": ["@supabase/storage-js@2.112.4", "", { "dependencies": { "iceberg-js": "^0.8.1", "tslib": "2.8.1" } }, "sha512-lQ0JemuTlMIXVKgSci1qez8yPnM5hyDngeAfEBjZS2Om4D+Cus0EE5BE6glFobrxdyii1OF4UzWfF0zcQgDq5A=="],

    "@supabase/supabase-js": ["@supabase/supabase-js@2.112.4", "", { "dependencies": { "@supabase/auth-js": "2.112.4", "@supabase/functions-js": "2.112.4", "@supabase/postgrest-js": "2.112.4", "@supabase/realtime-js": "2.112.4", "@supabase/storage-js": "2.112.4" }, "peerDependencies": { "@opentelemetry/api": ">=1.0.0" }, "optionalPeers": ["@opentelemetry/api"] }, "sha512-UiCX1udlFY1fQQrO7Z3GU7obQsju0w5Vk9mOOwalfo/+Gy+tahWVenSSuu5E/GTy/q//HxvGv2IrCdW66/61kw=="],

    "@types/json-schema": ["@types/json-schema@7.0.15", "", {}, "sha512-5+fP8P8MFNC+AyZCDxrB2pkZFPGzqQWUzpSeuuVLvm8VMcorNYavBqoFcxK8bQz4Qsbn4oUEEem4wDLfcysGHA=="],

    "chokidar": ["chokidar@5.0.0", "", { "dependencies": { "readdirp": "^5.0.0" } }, "sha512-TQMmc3w+5AxjpL8iIiwebF73dRDF4fBIieAqGn9RGCWaEVwQ6Fb2cGe31Yns0RRIzii5goJ1Y7xbMwo1TxMplw=="],

    "detect-libc": ["detect-libc@2.1.2", "", {}, "sha512-Btj2BOOO83o3WyH59e8MgXsxEQVcarkUOpEYrubB0urwnN10yQ364rsiByU11nZlqWYZm05i/of7io4mzihBtQ=="],

    "fdir": ["fdir@6.5.0", "", { "peerDependencies": { "picomatch": "^3 || ^4" }, "optionalPeers": ["picomatch"] }, "sha512-tIbYtZbucOs0BRGqPJkshJUYdL+SDH7dVM8gjy+ERp3WAUjLEFJE+02kanyHtwjWOnwrKYBiwAmM0p4kLJAnXg=="],

    "fsevents": ["fsevents@2.3.3", "", { "os": "darwin" }, "sha512-5xoDfX+fL7faATnagmWPpbFtwh/R77WmMMqqHGS65C3vvB0YHrgF+B1YmZ3441tMj5n63k0212XNoJwzlhffQw=="],

    "galmuri": ["galmuri@2.40.3", "", {}, "sha512-eXflXih1AWy2J+jWeT5sGVj4PUCb1bMK7lnwKDKMzEd3lx+F6myuxqp6c0eZlD7EMXOicUYaM+FH7DAoQ7mWbw=="],

    "iceberg-js": ["iceberg-js@0.8.1", "", {}, "sha512-1dhVQZXhcHje7798IVM+xoo/1ZdVfzOMIc8/rgVSijRK38EDqOJoGula9N/8ZI5RD8QTxNQtK/Gozpr+qUqRRA=="],

    "immutable": ["immutable@5.1.5", "", {}, "sha512-t7xcm2siw+hlUM68I+UEOK+z84RzmN59as9DZ7P1l0994DKUWV7UXBMQZVxaoMSRQ+PBZbHCOoBt7a2wxOMt+A=="],

    "is-extglob": ["is-extglob@2.1.1", "", {}, "sha512-SbKbANkN603Vi4jEZv49LeVJMn4yGwsbzZworEoyEiutsN3nJYdbO36zfhGJ6QEDpOZIFkDtnq5JRxmvl3jsoQ=="],

    "is-glob": ["is-glob@4.0.3", "", { "dependencies": { "is-extglob": "^2.1.1" } }, "sha512-xelSayHH36ZgE7ZWhli7pW34hNbNl8Ojv5KVmkJD4hBdD3th8Tfk9vYasLM+mXWOZhFkgZfxhLSnrwRr4elSSg=="],

    "lightningcss": ["lightningcss@1.33.0", "", { "dependencies": { "detect-libc": "^2.0.3" }, "optionalDependencies": { "lightningcss-android-arm64": "1.33.0", "lightningcss-darwin-arm64": "1.33.0", "lightningcss-darwin-x64": "1.33.0", "lightningcss-freebsd-x64": "1.33.0", "lightningcss-linux-arm-gnueabihf": "1.33.0", "lightningcss-linux-arm64-gnu": "1.33.0", "lightningcss-linux-arm64-musl": "1.33.0", "lightningcss-linux-x64-gnu": "1.33.0", "lightningcss-linux-x64-musl": "1.33.0", "lightningcss-win32-arm64-msvc": "1.33.0", "lightningcss-win32-x64-msvc": "1.33.0" } }, "sha512-WkUDrojuJs0xkgGf2udWxa3yGBRxPtxUkB79i6aCZLRgc7PM8fZe9TosfPDcvEpQZbuFASnHYmRLBLUbmLOIIA=="],

    "lightningcss-android-arm64": ["lightningcss-android-arm64@1.33.0", "", { "os": "android", "cpu": "arm64" }, "sha512-gEpRTalKdosp4Bb8qWtc2iOgE5SeIHlpS1up9bFq2wAyYhl1UdTObYiHe98zEM9SQvSoqQZ1IQD0JNpg3Ml5pg=="],

    "lightningcss-darwin-arm64": ["lightningcss-darwin-arm64@1.33.0", "", { "os": "darwin", "cpu": "arm64" }, "sha512-Sciaz8eenNTKn9b3t7+xr0ipTp9YxKQY4npwQ3mrRuL0BAVHBLyZxofhaKBAVtzmtRZ/zTyo0/to4B1uWG/Djg=="],

    "lightningcss-darwin-x64": ["lightningcss-darwin-x64@1.33.0", "", { "os": "darwin", "cpu": "x64" }, "sha512-Z5UPAxzrjlWNNyGy6i65cJzzvgJ5D3T6wMvs+gWpY9d7qRhANrxqAp6LhxIgZhWEw18RfJTGcRxjuLIBr+m8XQ=="],

    "lightningcss-freebsd-x64": ["lightningcss-freebsd-x64@1.33.0", "", { "os": "freebsd", "cpu": "x64" }, "sha512-QQM/Ti/hQajJwCY+RiWuCZ9sdtI/XQk7nDK5vC8kkdwixezOlDgvDx7+RT+QjK6FcFT4MpsuoBnHIo/O3StRRg=="],

    "lightningcss-linux-arm-gnueabihf": ["lightningcss-linux-arm-gnueabihf@1.33.0", "", { "os": "linux", "cpu": "arm" }, "sha512-N7FVBe6iS24MlM6R/4RBTxGhQheZGs7tiQ9U32UtF75NzP5Q7xWPRqLBCKxlRQRk3rY1jCIPLzx7WzOhuUIRLQ=="],

    "lightningcss-linux-arm64-gnu": ["lightningcss-linux-arm64-gnu@1.33.0", "", { "os": "linux", "cpu": "arm64" }, "sha512-j2v/itmy4HlNxlc6voKXYgBqNi0Ng2LShg4z7GufpEgs05P+2suBVyi9I6YHq5uoVFx9ETin3eCEhLVyXGQnKg=="],

    "lightningcss-linux-arm64-musl": ["lightningcss-linux-arm64-musl@1.33.0", "", { "os": "linux", "cpu": "arm64" }, "sha512-yiO5ROMuYQgXbC60yjZU5CYSFZGKXL0HFATXt9mHJn1+zW55oCtMI9NfcVhYLMFDL7gV7oBPon/EmMMGg2OvtQ=="],

    "lightningcss-linux-x64-gnu": ["lightningcss-linux-x64-gnu@1.33.0", "", { "os": "linux", "cpu": "x64" }, "sha512-ar+Ju7LmcN0Jo4FpL4hpFybwNG9/3A/Br5KW2n2jyODg3MEZXaDYADdemoNS+BDNfMgKvylJLj4S5tyRActuAg=="],

    "lightningcss-linux-x64-musl": ["lightningcss-linux-x64-musl@1.33.0", "", { "os": "linux", "cpu": "x64" }, "sha512-RYiYbkokw0trfKqqzfF55lginwEPrD3OJDfTuJzFs1MK6iFnDenaz1fqLLtX4ITG3OktJQXOeTaw1awrBAlZPw=="],

    "lightningcss-win32-arm64-msvc": ["lightningcss-win32-arm64-msvc@1.33.0", "", { "os": "win32", "cpu": "arm64" }, "sha512-1K+MPfLSFVpphzpdbfkhlWk6wBrTObBzS2T6db10PNOZgR9GoVsAWzwNyuhUYYbTp23j+4RrncfujZ4uAzXvwA=="],

    "lightningcss-win32-x64-msvc": ["lightningcss-win32-x64-msvc@1.33.0", "", { "os": "win32", "cpu": "x64" }, "sha512-OlEICDx/Xl0FqSp4bry8zFnCvGpig3Gl4gCquvYwHuqJKEC1+n9NgDniFvqHGmMv1ZkqDJrDqKKSykTDX+ehuA=="],

    "nanoid": ["nanoid@3.3.18", "", { "bin": { "nanoid": "bin/nanoid.cjs" } }, "sha512-DTg4MJbGMWkfi6VZFdNt2/caMbQy4Ou+Op/hJQvGEWcnVfoA1QA+xzRKAzw9jD6+GVOOeYr/mIcuDSdug6F6+w=="],

    "nes.css": ["nes.css@2.3.0", "", {}, "sha512-lCFZs9vj3f5RVdbvTL/kSxiYsOARwSeAdJaMNo+bCgmWOO9x8ay7QpT4yQVKHy3r5Dttzd0uqVdpt3fvvx6EpQ=="],

    "node-addon-api": ["node-addon-api@7.1.1", "", {}, "sha512-5m3bsyrjFWE1xf7nz7YXdN4udnVtXK6/Yfgn5qnahL6bCkf2yKt4k3nuTKAtT4r3IG8JNR2ncsIMdZuAzJjHQQ=="],

    "picocolors": ["picocolors@1.1.1", "", {}, "sha512-xceH2snhtb5M9liqDsmEw56le376mTZkEX/jEb/RxNFyegNul7eNslCXP9FDj/Lcu0X8KEyMceP2ntpaHrDEVA=="],

    "picomatch": ["picomatch@4.0.7", "", {}, "sha512-qcJu88Q2IWqJsDD529JKMdwGm/dvInW4HvQnRwiH9JtihJvzGOscDtHE3x1pBKeUOTysQ8kVmLnJ2kJu7yhcGA=="],

    "postcss": ["postcss@8.5.26", "", { "dependencies": { "nanoid": "^3.3.17", "picocolors": "^1.1.1", "source-map-js": "^1.2.1" } }, "sha512-u82N74LFzG8ca+dD8puPnplTXoGH4fTPpVGuIbt36G3qvNlkvfD0lEAZSxaly3KX8TS/L1A1gsCEmvKmBcVbkQ=="],

    "readdirp": ["readdirp@5.1.1", "", {}, "sha512-Kko+Y5XQ6fM+Ce3dq3m9YGxnacYZYl9cA1wZjaF3Vbry2L3i1qVg8+CAgNPsXRArPMUMCaOR7oa9Nqntc43JKA=="],

    "rolldown": ["rolldown@1.2.6", "", { "dependencies": { "@oxc-project/types": "=0.147.0", "@rolldown/pluginutils": "^1.0.0" }, "optionalDependencies": { "@rolldown/binding-android-arm-eabi": "1.2.6", "@rolldown/binding-android-arm64": "1.2.6", "@rolldown/binding-darwin-arm64": "1.2.6", "@rolldown/binding-darwin-x64": "1.2.6", "@rolldown/binding-freebsd-x64": "1.2.6", "@rolldown/binding-linux-arm-gnueabihf": "1.2.6", "@rolldown/binding-linux-arm64-gnu": "1.2.6", "@rolldown/binding-linux-arm64-musl": "1.2.6", "@rolldown/binding-linux-ppc64-gnu": "1.2.6", "@rolldown/binding-linux-s390x-gnu": "1.2.6", "@rolldown/binding-linux-x64-gnu": "1.2.6", "@rolldown/binding-linux-x64-musl": "1.2.6", "@rolldown/binding-openharmony-arm64": "1.2.6", "@rolldown/binding-win32-arm64-msvc": "1.2.6", "@rolldown/binding-win32-x64-msvc": "1.2.6" }, "bin": { "rolldown": "./bin/cli.mjs" } }, "sha512-vMM4q3aixf46GiF1Kok8jDPFsEpXgFWGjUHXNkNHNm+Y2adXAG2dbX91jkti3i0ZRsOlcmbuzAz1poObSHCmUA=="],

    "sass": ["sass@1.103.1", "", { "dependencies": { "chokidar": "^5.0.0", "immutable": "^5.1.5", "source-map-js": ">=0.6.2 <2.0.0" }, "optionalDependencies": { "@parcel/watcher": "^2.4.1" }, "bin": { "sass": "sass.js" } }, "sha512-9icZURbP51S6S0QGoyaeqk9uB06GNWxsFYWfH5RgpFgqK5FA8tJcM3AdVxrZEVJ7dz+L87nG95gBKf4VuaMHGw=="],

    "source-map-js": ["source-map-js@1.2.1", "", {}, "sha512-UXWMKhLOwVKb728IUtQPXxfYU+usdybtUrK/8uGE8CQMvrhOpwvzDBwj0QhSL7MQc7vIsISBG8VQ8+IDQxpfQA=="],

    "tinyglobby": ["tinyglobby@0.2.17", "", { "dependencies": { "fdir": "^6.5.0", "picomatch": "^4.0.4" } }, "sha512-wXR/dYpcqKmfWpEdZjiKJOwCNFndD0DMnrW/cYjVGttEkBfVgcLFHoNrlj47mjOVic9yyNu65alsgF4NQyTa2g=="],

    "tslib": ["tslib@2.8.1", "", {}, "sha512-oJFu94HQb+KVduSUQL7wnpmqnfmLsOA/nAh6b6EH0wCEoK0/mPeXU6c3wKDV83MkOuHPRHtSXKKU99IBazS/2w=="],

    "vite": ["vite@8.2.2", "", { "dependencies": { "lightningcss": "^1.33.0", "picomatch": "^4.0.5", "postcss": "^8.5.26", "rolldown": "~1.2.4", "tinyglobby": "^0.2.17" }, "optionalDependencies": { "fsevents": "~2.3.3" }, "peerDependencies": { "@types/node": "^20.19.0 || >=22.12.0", "@vitejs/devtools": "^0.4.0 || ^0.5.0", "esbuild": "^0.27.0 || ^0.28.0", "jiti": ">=1.21.0", "less": "^4.0.0", "sass": "^1.70.0", "sass-embedded": "^1.70.0", "stylus": ">=0.54.8", "sugarss": "^5.0.0", "terser": "^5.16.0", "tsx": "^4.8.1", "yaml": "^2.4.2" }, "optionalPeers": ["@types/node", "@vitejs/devtools", "esbuild", "jiti", "less", "sass", "sass-embedded", "stylus", "sugarss", "terser", "tsx", "yaml"], "bin": { "vite": "bin/vite.js" } }, "sha512-cFKLV/PRgAUlIRm5WjMjJ86jrftzpqcgH+Us+DS8mI3CDNiH30Whrz8uHL3+MOLPAgqbMBAqWdAHAphOAM+z/Q=="],

    "@parcel/watcher/picomatch": ["picomatch@4.0.4", "", {}, "sha512-QP88BAKvMam/3NxH6vj2o21R6MjxZUAd6nlwAS/pnGvN9IVLocLHxGYIzFhg6fUQ+5th6P4dv4eW9jX3DSIj7A=="],
  }
}
